
Microsoft Visual Studio Solution File, Format Version 12.00
# Visual Studio Version 17
VisualStudioVersion = 17.0.32112.339
MinimumVisualStudioVersion = 10.0.40219.1
Project("{FAE04EC0-301F-11D3-BF4B-00C04F79EFBC}") = "Bytewizer.TinyCLR.Cryptography", "Bytewizer.TinyCLR.Cryptography\Bytewizer.TinyCLR.Cryptography.csproj", "{70392D1D-6B78-46C8-9531-C02915442A46}"
EndProject
Project("{FAE04EC0-301F-11D3-BF4B-00C04F79EFBC}") = "Bytewizer.TinyCLR.Numerics", "Bytewizer.TinyCLR.Numerics\Bytewizer.TinyCLR.Numerics.csproj", "{70392D1D-6B78-46C8-9531-C12915442A46}"
EndProject
Project("{FAE04EC0-301F-11D3-BF4B-00C04F79EFBC}") = "Bytewizer.TinyCLR.Terminal.Shell", "Bytewizer.TinyCLR.Terminal.Shell\Bytewizer.TinyCLR.Terminal.Shell.csproj", "{372012BB-CAA0-4FEC-9EF4-2A5540E582EA}"
EndProject
Project("{FAE04EC0-301F-11D3-BF4B-00C04F79EFBC}") = "Bytewizer.TinyCLR.Sockets", "Bytewizer.TinyCLR.Sockets\Bytewizer.TinyCLR.Sockets.csproj", "{CECB4A63-1460-4721-96B1-7FCCEC0FAF84}"
EndProject
Project("{FAE04EC0-301F-11D3-BF4B-00C04F79EFBC}") = "Bytewizer.TinyCLR.Terminal", "Bytewizer.TinyCLR.Terminal\Bytewizer.TinyCLR.Terminal.csproj", "{24448889-E8AE-4939-BA1A-0A9E5B051484}"
EndProject
Global
	GlobalSection(SolutionConfigurationPlatforms) = preSolution
		Debug|Any CPU = Debug|Any CPU
		Release|Any CPU = Release|Any CPU
	EndGlobalSection
	GlobalSection(ProjectConfigurationPlatforms) = postSolution
		{70392D1D-6B78-46C8-9531-C02915442A46}.Debug|Any CPU.ActiveCfg = Debug|Any CPU
		{70392D1D-6B78-46C8-9531-C02915442A46}.Debug|Any CPU.Build.0 = Debug|Any CPU
		{70392D1D-6B78-46C8-9531-C02915442A46}.Release|Any CPU.ActiveCfg = Release|Any CPU
		{70392D1D-6B78-46C8-9531-C02915442A46}.Release|Any CPU.Build.0 = Release|Any CPU
		{70392D1D-6B78-46C8-9531-C12915442A46}.Debug|Any CPU.ActiveCfg = Debug|Any CPU
		{70392D1D-6B78-46C8-9531-C12915442A46}.Debug|Any CPU.Build.0 = Debug|Any CPU
		{70392D1D-6B78-46C8-9531-C12915442A46}.Release|Any CPU.ActiveCfg = Release|Any CPU
		{70392D1D-6B78-46C8-9531-C12915442A46}.Release|Any CPU.Build.0 = Release|Any CPU
		{372012BB-CAA0-4FEC-9EF4-2A5540E582EA}.Debug|Any CPU.ActiveCfg = Debug|Any CPU
		{372012BB-CAA0-4FEC-9EF4-2A5540E582EA}.Debug|Any CPU.Build.0 = Debug|Any CPU
		{372012BB-CAA0-4FEC-9EF4-2A5540E582EA}.Release|Any CPU.ActiveCfg = Release|Any CPU
		{372012BB-CAA0-4FEC-9EF4-2A5540E582EA}.Release|Any CPU.Build.0 = Release|Any CPU
		{CECB4A63-1460-4721-96B1-7FCCEC0FAF84}.Debug|Any CPU.ActiveCfg = Debug|Any CPU
		{CECB4A63-1460-4721-96B1-7FCCEC0FAF84}.Debug|Any CPU.Build.0 = Debug|Any CPU
		{CECB4A63-1460-4721-96B1-7FCCEC0FAF84}.Release|Any CPU.ActiveCfg = Release|Any CPU
		{CECB4A63-1460-4721-96B1-7FCCEC0FAF84}.Release|Any CPU.Build.0 = Release|Any CPU
		{24448889-E8AE-4939-BA1A-0A9E5B051484}.Debug|Any CPU.ActiveCfg = Debug|Any CPU
		{24448889-E8AE-4939-BA1A-0A9E5B051484}.Debug|Any CPU.Build.0 = Debug|Any CPU
		{24448889-E8AE-4939-BA1A-0A9E5B051484}.Release|Any CPU.ActiveCfg = Release|Any CPU
		{24448889-E8AE-4939-BA1A-0A9E5B051484}.Release|Any CPU.Build.0 = Release|Any CPU
	EndGlobalSection
	GlobalSection(SolutionProperties) = preSolution
		HideSolutionNode = FALSE
	EndGlobalSection
	GlobalSection(ExtensibilityGlobals) = postSolution
		SolutionGuid = {27FF141E-FBEF-4110-8A8F-9502F6FD03B4}
	EndGlobalSection
EndGlobal
